
Microsoft Visual Studio Solution File, Format Version 12.00
# Visual Studio 14
VisualStudioVersion = 14.0.25420.1
MinimumVisualStudioVersion = 10.0.40219.1
Project("{FAE04EC0-301F-11D3-BF4B-00C04F79EFBC}") = "WebAppTest", "WebAppTest\WebAppTest.csproj", "{C15A3A9D-FDEC-41A7-A3AB-7924809E0003}"
EndProject
Global
	GlobalSection(SolutionConfigurationPlatforms) = preSolution
		Debug|Any CPU = Debug|Any CPU
		Release|Any CPU = Release|Any CPU
	EndGlobalSection
	GlobalSection(ProjectConfigurationPlatforms) = postSolution
		{C15A3A9D-FDEC-41A7-A3AB-7924809E0003}.Debug|Any CPU.ActiveCfg = Debug|Any CPU
		{C15A3A9D-FDEC-41A7-A3AB-7924809E0003}.Debug|Any CPU.Build.0 = Debug|Any CPU
		{C15A3A9D-FDEC-41A7-A3AB-7924809E0003}.Release|Any CPU.ActiveCfg = Release|Any CPU
		{C15A3A9D-FDEC-41A7-A3AB-7924809E0003}.Release|Any CPU.Build.0 = Release|Any CPU
	EndGlobalSection
	GlobalSection(SolutionProperties) = preSolution
		HideSolutionNode = FALSE
	EndGlobalSection
EndGlobal
